// !$*UTF8*$!
{
	archiveVersion = 1;
	classes = {
	};
	objectVersion = 50;
	objects = {

/* Begin PBXBuildFile section */
		49AB0D9E2084C8C700F4FD0D /* AppDelegate.swift in Sources */ = {isa = PBXBuildFile; fileRef = 49AB0D9D2084C8C700F4FD0D /* AppDelegate.swift */; };
		49AB0DA02084C8C700F4FD0D /* ViewController.swift in Sources */ = {isa = PBXBuildFile; fileRef = 49AB0D9F2084C8C700F4FD0D /* ViewController.swift */; };
		49AB0DA32084C8C700F4FD0D /* Main.storyboard in Resources */ = {isa = PBXBuildFile; fileRef = 49AB0DA12084C8C700F4FD0D /* Main.storyboard */; };
		49AB0DA52084C8C900F4FD0D /* Assets.xcassets in Resources */ = {isa = PBXBuildFile; fileRef = 49AB0DA42084C8C900F4FD0D /* Assets.xcassets */; };
		49AB0DA82084C8C900F4FD0D /* LaunchScreen.storyboard in Resources */ = {isa = PBXBuildFile; fileRef = 49AB0DA62084C8C900F4FD0D /* LaunchScreen.storyboard */; };
		49AB0DB32084C8C900F4FD0D /* ButtonColorGradientAnimationTests.swift in Sources */ = {isa = PBXBuildFile; fileRef = 49AB0DB22084C8C900F4FD0D /* ButtonColorGradientAnimationTests.swift */; };
		49AB0DBE2084C8CA00F4FD0D /* ButtonColorGradientAnimationUITests.swift in Sources */ = {isa = PBXBuildFile; fileRef = 49AB0DBD2084C8CA00F4FD0D /* ButtonColorGradientAnimationUITests.swift */; };
/* End PBXBuildFile section */

/* Begin PBXContainerItemProxy section */
		49AB0DAF2084C8C900F4FD0D /* PBXContainerItemProxy */ = {
			isa = PBXContainerItemProxy;
			containerPortal = 49AB0D922084C8C700F4FD0D /* Project object */;
			proxyType = 1;
			remoteGlobalIDString = 49AB0D992084C8C700F4FD0D;
			remoteInfo = ButtonColorGradientAnimation;
		};
		49AB0DBA2084C8CA00F4FD0D /* PBXContainerItemProxy */ = {
			isa = PBXContainerItemProxy;
			containerPortal = 49AB0D922084C8C700F4FD0D /* Project object */;
			proxyType = 1;
			remoteGlobalIDString = 49AB0D992084C8C700F4FD0D;
			remoteInfo = ButtonColorGradientAnimation;
		};
/* End PBXContainerItemProxy section */

/* Begin PBXFileReference section */
		49AB0D9A2084C8C700F4FD0D /* ButtonColorGradientAnimation.app */ = {isa = PBXFileReference; explicitFileType = wrapper.application; includeInIndex = 0; path = ButtonColorGradientAnimation.app; sourceTree = BUILT_PRODUCTS_DIR; };
		49AB0D9D2084C8C700F4FD0D /* AppDelegate.swift */ = {isa = PBXFileReference; lastKnownFileType = sourcecode.swift; path = AppDelegate.swift; sourceTree = "<group>"; };
		49AB0D9F2084C8C700F4FD0D /* ViewController.swift */ = {isa = PBXFileReference; lastKnownFileType = sourcecode.swift; path = ViewController.swift; sourceTree = "<group>"; };
		49AB0DA22084C8C700F4FD0D /* Base */ = {isa = PBXFileReference; lastKnownFileType = file.storyboard; name = Base; path = Base.lproj/Main.storyboard; sourceTree = "<group>"; };
		49AB0DA42084C8C900F4FD0D /* Assets.xcassets */ = {isa = PBXFileReference; lastKnownFileType = folder.assetcatalog; path = Assets.xcassets; sourceTree = "<group>"; };
		49AB0DA72084C8C900F4FD0D /* Base */ = {isa = PBXFileReference; lastKnownFileType = file.storyboard; name = Base; path = Base.lproj/LaunchScreen.storyboard; sourceTree = "<group>"; };
		49AB0DA92084C8C900F4FD0D /* Info.plist */ = {isa = PBXFileReference; lastKnownFileType = text.plist.xml; path = Info.plist; sourceTree = "<group>"; };
		49AB0DAE2084C8C900F4FD0D /* ButtonColorGradientAnimationTests.xctest */ = {isa = PBXFileReference; explicitFileType = wrapper.cfbundle; includeInIndex = 0; path = ButtonColorGradientAnimationTests.xctest; sourceTree = BUILT_PRODUCTS_DIR; };
		49AB0DB22084C8C900F4FD0D /* ButtonColorGradientAnimationTests.swift */ = {isa = PBXFileReference; lastKnownFileType = sourcecode.swift; path = ButtonColorGradientAnimationTests.swift; sourceTree = "<group>"; };
		49AB0DB42084C8C900F4FD0D /* Info.plist */ = {isa = PBXFileReference; lastKnownFileType = text.plist.xml; path = Info.plist; sourceTree = "<group>"; };
		49AB0DB92084C8CA00F4FD0D /* ButtonColorGradientAnimationUITests.xctest */ = {isa = PBXFileReference; explicitFileType = wrapper.cfbundle; includeInIndex = 0; path = ButtonColorGradientAnimationUITests.xctest; sourceTree = BUILT_PRODUCTS_DIR; };
		49AB0DBD2084C8CA00F4FD0D /* ButtonColorGradientAnimationUITests.swift */ = {isa = PBXFileReference; lastKnownFileType = sourcecode.swift; path = ButtonColorGradientAnimationUITests.swift; sourceTree = "<group>"; };
		49AB0DBF2084C8CA00F4FD0D /* Info.plist */ = {isa = PBXFileReference; lastKnownFileType = text.plist.xml; path = Info.plist; sourceTree = "<group>"; };
/* End PBXFileReference section */

/* Begin PBXFrameworksBuildPhase section */
		49AB0D972084C8C700F4FD0D /* Frameworks */ = {
			isa = PBXFrameworksBuildPhase;
			buildActionMask = 2147483647;
			files = (
			);
			runOnlyForDeploymentPostprocessing = 0;
		};
		49AB0DAB2084C8C900F4FD0D /* Frameworks */ = {
			isa = PBXFrameworksBuildPhase;
			buildActionMask = 2147483647;
			files = (
			);
			runOnlyForDeploymentPostprocessing = 0;
		};
		49AB0DB62084C8CA00F4FD0D /* Frameworks */ = {
			isa = PBXFrameworksBuildPhase;
			buildActionMask = 2147483647;
			files = (
			);
			runOnlyForDeploymentPostprocessing = 0;
		};
/* End PBXFrameworksBuildPhase section */

/* Begin PBXGroup section */
		49AB0D912084C8C700F4FD0D = {
			isa = PBXGroup;
			children = (
				49AB0D9C2084C8C700F4FD0D /* ButtonColorGradientAnimation */,
				49AB0DB12084C8C900F4FD0D /* ButtonColorGradientAnimationTests */,
				49AB0DBC2084C8CA00F4FD0D /* ButtonColorGradientAnimationUITests */,
				49AB0D9B2084C8C700F4FD0D /* Products */,
			);
			sourceTree = "<group>";
		};
		49AB0D9B2084C8C700F4FD0D /* Products */ = {
			isa = PBXGroup;
			children = (
				49AB0D9A2084C8C700F4FD0D /* ButtonColorGradientAnimation.app */,
				49AB0DAE2084C8C900F4FD0D /* ButtonColorGradientAnimationTests.xctest */,
				49AB0DB92084C8CA00F4FD0D /* ButtonColorGradientAnimationUITests.xctest */,
			);
			name = Products;
			sourceTree = "<group>";
		};
		49AB0D9C2084C8C700F4FD0D /* ButtonColorGradientAnimation */ = {
			isa = PBXGroup;
			children = (
				49AB0D9D2084C8C700F4FD0D /* AppDelegate.swift */,
				49AB0D9F2084C8C700F4FD0D /* ViewController.swift */,
				49AB0DA12084C8C700F4FD0D /* Main.storyboard */,
				49AB0DA42084C8C900F4FD0D /* Assets.xcassets */,
				49AB0DA62084C8C900F4FD0D /* LaunchScreen.storyboard */,
				49AB0DA92084C8C900F4FD0D /* Info.plist */,
			);
			path = ButtonColorGradientAnimation;
			sourceTree = "<group>";
		};
		49AB0DB12084C8C900F4FD0D /* ButtonColorGradientAnimationTests */ = {
			isa = PBXGroup;
			children = (
				49AB0DB22084C8C900F4FD0D /* ButtonColorGradientAnimationTests.swift */,
				49AB0DB42084C8C900F4FD0D /* Info.plist */,
			);
			path = ButtonColorGradientAnimationTests;
			sourceTree = "<group>";
		};
		49AB0DBC2084C8CA00F4FD0D /* ButtonColorGradientAnimationUITests */ = {
			isa = PBXGroup;
			children = (
				49AB0DBD2084C8CA00F4FD0D /* ButtonColorGradientAnimationUITests.swift */,
				49AB0DBF2084C8CA00F4FD0D /* Info.plist */,
			);
			path = ButtonColorGradientAnimationUITests;
			sourceTree = "<group>";
		};
/* End PBXGroup section */

/* Begin PBXNativeTarget section */
		49AB0D992084C8C700F4FD0D /* ButtonColorGradientAnimation */ = {
			isa = PBXNativeTarget;
			buildConfigurationList = 49AB0DC22084C8CA00F4FD0D /* Build configuration list for PBXNativeTarget "ButtonColorGradientAnimation" */;
			buildPhases = (
				49AB0D962084C8C700F4FD0D /* Sources */,
				49AB0D972084C8C700F4FD0D /* Frameworks */,
				49AB0D982084C8C700F4FD0D /* Resources */,
			);
			buildRules = (
			);
			dependencies = (
			);
			name = ButtonColorGradientAnimation;
			productName = ButtonColorGradientAnimation;
			productReference = 49AB0D9A2084C8C700F4FD0D /* ButtonColorGradientAnimation.app */;
			productType = "com.apple.product-type.application";
		};
		49AB0DAD2084C8C900F4FD0D /* ButtonColorGradientAnimationTests */ = {
			isa = PBXNativeTarget;
			buildConfigurationList = 49AB0DC52084C8CA00F4FD0D /* Build configuration list for PBXNativeTarget "ButtonColorGradientAnimationTests" */;
			buildPhases = (
				49AB0DAA2084C8C900F4FD0D /* Sources */,
				49AB0DAB2084C8C900F4FD0D /* Frameworks */,
				49AB0DAC2084C8C900F4FD0D /* Resources */,
			);
			buildRules = (
			);
			dependencies = (
				49AB0DB02084C8C900F4FD0D /* PBXTargetDependency */,
			);
			name = ButtonColorGradientAnimationTests;
			productName = ButtonColorGradientAnimationTests;
			productReference = 49AB0DAE2084C8C900F4FD0D /* ButtonColorGradientAnimationTests.xctest */;
			productType = "com.apple.product-type.bundle.unit-test";
		};
		49AB0DB82084C8CA00F4FD0D /* ButtonColorGradientAnimationUITests */ = {
			isa = PBXNativeTarget;
			buildConfigurationList = 49AB0DC82084C8CA00F4FD0D /* Build configuration list for PBXNativeTarget "ButtonColorGradientAnimationUITests" */;
			buildPhases = (
				49AB0DB52084C8CA00F4FD0D /* Sources */,
				49AB0DB62084C8CA00F4FD0D /* Frameworks */,
				49AB0DB72084C8CA00F4FD0D /* Resources */,
			);
			buildRules = (
			);
			dependencies = (
				49AB0DBB2084C8CA00F4FD0D /* PBXTargetDependency */,
			);
			name = ButtonColorGradientAnimationUITests;
			productName = ButtonColorGradientAnimationUITests;
			productReference = 49AB0DB92084C8CA00F4FD0D /* ButtonColorGradientAnimationUITests.xctest */;
			productType = "com.apple.product-type.bundle.ui-testing";
		};
/* End PBXNativeTarget section */

/* Begin PBXProject section */
		49AB0D922084C8C700F4FD0D /* Project object */ = {
			isa = PBXProject;
			attributes = {
				LastSwiftUpdateCheck = 0930;
				LastUpgradeCheck = 0930;
				ORGANIZATIONNAME = ls;
				TargetAttributes = {
					49AB0D992084C8C700F4FD0D = {
						CreatedOnToolsVersion = 9.3;
					};
					49AB0DAD2084C8C900F4FD0D = {
						CreatedOnToolsVersion = 9.3;
						TestTargetID = 49AB0D992084C8C700F4FD0D;
					};
					49AB0DB82084C8CA00F4FD0D = {
						CreatedOnToolsVersion = 9.3;
						TestTargetID = 49AB0D992084C8C700F4FD0D;
					};
				};
			};
			buildConfigurationList = 49AB0D952084C8C700F4FD0D /* Build configuration list for PBXProject "ButtonColorGradientAnimation" */;
			compatibilityVersion = "Xcode 9.3";
			developmentRegion = en;
			hasScannedForEncodings = 0;
			knownRegions = (
				en,
				Base,
			);
			mainGroup = 49AB0D912084C8C700F4FD0D;
			productRefGroup = 49AB0D9B2084C8C700F4FD0D /* Products */;
			projectDirPath = "";
			projectRoot = "";
			targets = (
				49AB0D992084C8C700F4FD0D /* ButtonColorGradientAnimation */,
				49AB0DAD2084C8C900F4FD0D /* ButtonColorGradientAnimationTests */,
				49AB0DB82084C8CA00F4FD0D /* ButtonColorGradientAnimationUITests */,
			);
		};
/* End PBXProject section */

/* Begin PBXResourcesBuildPhase section */
		49AB0D982084C8C700F4FD0D /* Resources */ = {
			isa = PBXResourcesBuildPhase;
			buildActionMask = 2147483647;
			files = (
				49AB0DA82084C8C900F4FD0D /* LaunchScreen.storyboard in Resources */,
				49AB0DA52084C8C900F4FD0D /* Assets.xcassets in Resources */,
				49AB0DA32084C8C700F4FD0D /* Main.storyboard in Resources */,
			);
			runOnlyForDeploymentPostprocessing = 0;
		};
		49AB0DAC2084C8C900F4FD0D /* Resources */ = {
			isa = PBXResourcesBuildPhase;
			buildActionMask = 2147483647;
			files = (
			);
			runOnlyForDeploymentPostprocessing = 0;
		};
		49AB0DB72084C8CA00F4FD0D /* Resources */ = {
			isa = PBXResourcesBuildPhase;
			buildActionMask = 2147483647;
			files = (
			);
			runOnlyForDeploymentPostprocessing = 0;
		};
/* End PBXResourcesBuildPhase section */

/* Begin PBXSourcesBuildPhase section */
		49AB0D962084C8C700F4FD0D /* Sources */ = {
			isa = PBXSourcesBuildPhase;
			buildActionMask = 2147483647;
			files = (
				49AB0DA02084C8C700F4FD0D /* ViewController.swift in Sources */,
				49AB0D9E2084C8C700F4FD0D /* AppDelegate.swift in Sources */,
			);
			runOnlyForDeploymentPostprocessing = 0;
		};
		49AB0DAA2084C8C900F4FD0D /* Sources */ = {
			isa = PBXSourcesBuildPhase;
			buildActionMask = 2147483647;
			files = (
				49AB0DB32084C8C900F4FD0D /* ButtonColorGradientAnimationTests.swift in Sources */,
			);
			runOnlyForDeploymentPostprocessing = 0;
		};
		49AB0DB52084C8CA00F4FD0D /* Sources */ = {
			isa = PBXSourcesBuildPhase;
			buildActionMask = 2147483647;
			files = (
				49AB0DBE2084C8CA00F4FD0D /* ButtonColorGradientAnimationUITests.swift in Sources */,
			);
			runOnlyForDeploymentPostprocessing = 0;
		};
/* End PBXSourcesBuildPhase section */

/* Begin PBXTargetDependency section */
		49AB0DB02084C8C900F4FD0D /* PBXTargetDependency */ = {
			isa = PBXTargetDependency;
			target = 49AB0D992084C8C700F4FD0D /* ButtonColorGradientAnimation */;
			targetProxy = 49AB0DAF2084C8C900F4FD0D /* PBXContainerItemProxy */;
		};
		49AB0DBB2084C8CA00F4FD0D /* PBXTargetDependency */ = {
			isa = PBXTargetDependency;
			target = 49AB0D992084C8C700F4FD0D /* ButtonColorGradientAnimation */;
			targetProxy = 49AB0DBA2084C8CA00F4FD0D /* PBXContainerItemProxy */;
		};
/* End PBXTargetDependency section */

/* Begin PBXVariantGroup section */
		49AB0DA12084C8C700F4FD0D /* Main.storyboard */ = {
			isa = PBXVariantGroup;
			children = (
				49AB0DA22084C8C700F4FD0D /* Base */,
			);
			name = Main.storyboard;
			sourceTree = "<group>";
		};
		49AB0DA62084C8C900F4FD0D /* LaunchScreen.storyboard */ = {
			isa = PBXVariantGroup;
			children = (
				49AB0DA72084C8C900F4FD0D /* Base */,
			);
			name = LaunchScreen.storyboard;
			sourceTree = "<group>";
		};
/* End PBXVariantGroup section */

/* Begin XCBuildConfiguration section */
		49AB0DC02084C8CA00F4FD0D /* Debug */ = {
			isa = XCBuildConfiguration;
			buildSettings = {
				ALWAYS_SEARCH_USER_PATHS = NO;
				CLANG_ANALYZER_NONNULL = YES;
				CLANG_ANALYZER_NUMBER_OBJECT_CONVERSION = YES_AGGRESSIVE;
				CLANG_CXX_LANGUAGE_STANDARD = "gnu++14";
				CLANG_CXX_LIBRARY = "libc++";
				CLANG_ENABLE_MODULES = YES;
				CLANG_ENABLE_OBJC_ARC = YES;
				CLANG_ENABLE_OBJC_WEAK = YES;
				CLANG_WARN_BLOCK_CAPTURE_AUTORELEASING = YES;
				CLANG_WARN_BOOL_CONVERSION = YES;
				CLANG_WARN_COMMA = YES;
				CLANG_WARN_CONSTANT_CONVERSION = YES;
				CLANG_WARN_DEPRECATED_OBJC_IMPLEMENTATIONS = YES;
				CLANG_WARN_DIRECT_OBJC_ISA_USAGE = YES_ERROR;
				CLANG_WARN_DOCUMENTATION_COMMENTS = YES;
				CLANG_WARN_EMPTY_BODY = YES;
				CLANG_WARN_ENUM_CONVERSION = YES;
				CLANG_WARN_INFINITE_RECURSION = YES;
				CLANG_WARN_INT_CONVERSION = YES;
				CLANG_WARN_NON_LITERAL_NULL_CONVERSION = YES;
				CLANG_WARN_OBJC_IMPLICIT_RETAIN_SELF = YES;
				CLANG_WARN_OBJC_LITERAL_CONVERSION = YES;
				CLANG_WARN_OBJC_ROOT_CLASS = YES_ERROR;
				CLANG_WARN_RANGE_LOOP_ANALYSIS = YES;
				CLANG_WARN_STRICT_PROTOTYPES = YES;
				CLANG_WARN_SUSPICIOUS_MOVE = YES;
				CLANG_WARN_UNGUARDED_AVAILABILITY = YES_AGGRESSIVE;
				CLANG_WARN_UNREACHABLE_CODE = YES;
				CLANG_WARN__DUPLICATE_METHOD_MATCH = YES;
				CODE_SIGN_IDENTITY = "iPhone Developer";
				COPY_PHASE_STRIP = NO;
				DEBUG_INFORMATION_FORMAT = dwarf;
				ENABLE_STRICT_OBJC_MSGSEND = YES;
				ENABLE_TESTABILITY = YES;
				GCC_C_LANGUAGE_STANDARD = gnu11;
				GCC_DYNAMIC_NO_PIC = NO;
				GCC_NO_COMMON_BLOCKS = YES;
				GCC_OPTIMIZATION_LEVEL = 0;
				GCC_PREPROCESSOR_DEFINITIONS = (
					"DEBUG=1",
					"$(inherited)",
				);
				GCC_WARN_64_TO_32_BIT_CONVERSION = YES;
				GCC_WARN_ABOUT_RETURN_TYPE = YES_ERROR;
				GCC_WARN_UNDECLARED_SELECTOR = YES;
				GCC_WARN_UNINITIALIZED_AUTOS = YES_AGGRESSIVE;
				GCC_WARN_UNUSED_FUNCTION = YES;
				GCC_WARN_UNUSED_VARIABLE = YES;
				IPHONEOS_DEPLOYMENT_TARGET = 11.3;
				MTL_ENABLE_DEBUG_INFO = YES;
				ONLY_ACTIVE_ARCH = YES;
				SDKROOT = iphoneos;
				SWIFT_ACTIVE_COMPILATION_CONDITIONS = DEBUG;
				SWIFT_OPTIMIZATION_LEVEL = "-Onone";
			};
			name = Debug;
		};
		49AB0DC12084C8CA00F4FD0D /* Release */ = {
			isa = XCBuildConfiguration;
			buildSettings = {
				ALWAYS_SEARCH_USER_PATHS = NO;
				CLANG_ANALYZER_NONNULL = YES;
				CLANG_ANALYZER_NUMBER_OBJECT_CONVERSION = YES_AGGRESSIVE;
				CLANG_CXX_LANGUAGE_STANDARD = "gnu++14";
				CLANG_CXX_LIBRARY = "libc++";
				CLANG_ENABLE_MODULES = YES;
				CLANG_ENABLE_OBJC_ARC = YES;
				CLANG_ENABLE_OBJC_WEAK = YES;
				CLANG_WARN_BLOCK_CAPTURE_AUTORELEASING = YES;
				CLANG_WARN_BOOL_CONVERSION = YES;
				CLANG_WARN_COMMA = YES;
				CLANG_WARN_CONSTANT_CONVERSION = YES;
				CLANG_WARN_DEPRECATED_OBJC_IMPLEMENTATIONS = YES;
				CLANG_WARN_DIRECT_OBJC_ISA_USAGE = YES_ERROR;
				CLANG_WARN_DOCUMENTATION_COMMENTS = YES;
				CLANG_WARN_EMPTY_BODY = YES;
				CLANG_WARN_ENUM_CONVERSION = YES;
				CLANG_WARN_INFINITE_RECURSION = YES;
				CLANG_WARN_INT_CONVERSION = YES;
				CLANG_WARN_NON_LITERAL_NULL_CONVERSION = YES;
				CLANG_WARN_OBJC_IMPLICIT_RETAIN_SELF = YES;
				CLANG_WARN_OBJC_LITERAL_CONVERSION = YES;
				CLANG_WARN_OBJC_ROOT_CLASS = YES_ERROR;
				CLANG_WARN_RANGE_LOOP_ANALYSIS = YES;
				CLANG_WARN_STRICT_PROTOTYPES = YES;
				CLANG_WARN_SUSPICIOUS_MOVE = YES;
				CLANG_WARN_UNGUARDED_AVAILABILITY = YES_AGGRESSIVE;
				CLANG_WARN_UNREACHABLE_CODE = YES;
				CLANG_WARN__DUPLICATE_METHOD_MATCH = YES;
				CODE_SIGN_IDENTITY = "iPhone Developer";
				COPY_PHASE_STRIP = NO;
				DEBUG_INFORMATION_FORMAT = "dwarf-with-dsym";
				ENABLE_NS_ASSERTIONS = NO;
				ENABLE_STRICT_OBJC_MSGSEND = YES;
				GCC_C_LANGUAGE_STANDARD = gnu11;
				GCC_NO_COMMON_BLOCKS = YES;
				GCC_WARN_64_TO_32_BIT_CONVERSION = YES;
				GCC_WARN_ABOUT_RETURN_TYPE = YES_ERROR;
				GCC_WARN_UNDECLARED_SELECTOR = YES;
				GCC_WARN_UNINITIALIZED_AUTOS = YES_AGGRESSIVE;
				GCC_WARN_UNUSED_FUNCTION = YES;
				GCC_WARN_UNUSED_VARIABLE = YES;
				IPHONEOS_DEPLOYMENT_TARGET = 11.3;
				MTL_ENABLE_DEBUG_INFO = NO;
				SDKROOT = iphoneos;
				SWIFT_COMPILATION_MODE = wholemodule;
				SWIFT_OPTIMIZATION_LEVEL = "-O";
				VALIDATE_PRODUCT = YES;
			};
			name = Release;
		};
		49AB0DC32084C8CA00F4FD0D /* Debug */ = {
			isa = XCBuildConfiguration;
			buildSettings = {
				ASSETCATALOG_COMPILER_APPICON_NAME = AppIcon;
				CODE_SIGN_STYLE = Automatic;
				DEVELOPMENT_TEAM = LM6MM3RLWX;
				INFOPLIST_FILE = ButtonColorGradientAnimation/Info.plist;
				LD_RUNPATH_SEARCH_PATHS = (
					"$(inherited)",
					"@executable_path/Frameworks",
				);
				PRODUCT_BUNDLE_IDENTIFIER = com.ButtonColorGradientAnimation;
				PRODUCT_NAME = "$(TARGET_NAME)";
				SWIFT_VERSION = 4.0;
				TARGETED_DEVICE_FAMILY = "1,2";
			};
			name = Debug;
		};
		49AB0DC42084C8CA00F4FD0D /* Release */ = {
			isa = XCBuildConfiguration;
			buildSettings = {
				ASSETCATALOG_COMPILER_APPICON_NAME = AppIcon;
				CODE_SIGN_STYLE = Automatic;
				DEVELOPMENT_TEAM = LM6MM3RLWX;
				INFOPLIST_FILE = ButtonColorGradientAnimation/Info.plist;
				LD_RUNPATH_SEARCH_PATHS = (
					"$(inherited)",
					"@executable_path/Frameworks",
				);
				PRODUCT_BUNDLE_IDENTIFIER = com.ButtonColorGradientAnimation;
				PRODUCT_NAME = "$(TARGET_NAME)";
				SWIFT_VERSION = 4.0;
				TARGETED_DEVICE_FAMILY = "1,2";
			};
			name = Release;
		};
		49AB0DC62084C8CA00F4FD0D /* Debug */ = {
			isa = XCBuildConfiguration;
			buildSettings = {
				ALWAYS_EMBED_SWIFT_STANDARD_LIBRARIES = YES;
				BUNDLE_LOADER = "$(TEST_HOST)";
				CODE_SIGN_STYLE = Automatic;
				DEVELOPMENT_TEAM = LM6MM3RLWX;
				INFOPLIST_FILE = ButtonColorGradientAnimationTests/Info.plist;
				LD_RUNPATH_SEARCH_PATHS = (
					"$(inherited)",
					"@executable_path/Frameworks",
					"@loader_path/Frameworks",
				);
				PRODUCT_BUNDLE_IDENTIFIER = com.ButtonColorGradientAnimationTests;
				PRODUCT_NAME = "$(TARGET_NAME)";
				SWIFT_VERSION = 4.0;
				TARGETED_DEVICE_FAMILY = "1,2";
				TEST_HOST = "$(BUILT_PRODUCTS_DIR)/ButtonColorGradientAnimation.app/ButtonColorGradientAnimation";
			};
			name = Debug;
		};
		49AB0DC72084C8CA00F4FD0D /* Release */ = {
			isa = XCBuildConfiguration;
			buildSettings = {
				ALWAYS_EMBED_SWIFT_STANDARD_LIBRARIES = YES;
				BUNDLE_LOADER = "$(TEST_HOST)";
				CODE_SIGN_STYLE = Automatic;
				DEVELOPMENT_TEAM = LM6MM3RLWX;
				INFOPLIST_FILE = ButtonColorGradientAnimationTests/Info.plist;
				LD_RUNPATH_SEARCH_PATHS = (
					"$(inherited)",
					"@executable_path/Frameworks",
					"@loader_path/Frameworks",
				);
				PRODUCT_BUNDLE_IDENTIFIER = com.ButtonColorGradientAnimationTests;
				PRODUCT_NAME = "$(TARGET_NAME)";
				SWIFT_VERSION = 4.0;
				TARGETED_DEVICE_FAMILY = "1,2";
				TEST_HOST = "$(BUILT_PRODUCTS_DIR)/ButtonColorGradientAnimation.app/ButtonColorGradientAnimation";
			};
			name = Release;
		};
		49AB0DC92084C8CA00F4FD0D /* Debug */ = {
			isa = XCBuildConfiguration;
			buildSettings = {
				ALWAYS_EMBED_SWIFT_STANDARD_LIBRARIES = YES;
				CODE_SIGN_STYLE = Automatic;
				DEVELOPMENT_TEAM = LM6MM3RLWX;
				INFOPLIST_FILE = ButtonColorGradientAnimationUITests/Info.plist;
				LD_RUNPATH_SEARCH_PATHS = (
					"$(inherited)",
					"@executable_path/Frameworks",
					"@loader_path/Frameworks",
				);
				PRODUCT_BUNDLE_IDENTIFIER = com.ButtonColorGradientAnimationUITests;
				PRODUCT_NAME = "$(TARGET_NAME)";
				SWIFT_VERSION = 4.0;
				TARGETED_DEVICE_FAMILY = "1,2";
				TEST_TARGET_NAME = ButtonColorGradientAnimation;
			};
			name = Debug;
		};
		49AB0DCA2084C8CA00F4FD0D /* Release */ = {
			isa = XCBuildConfiguration;
			buildSettings = {
				ALWAYS_EMBED_SWIFT_STANDARD_LIBRARIES = YES;
				CODE_SIGN_STYLE = Automatic;
				DEVELOPMENT_TEAM = LM6MM3RLWX;
				INFOPLIST_FILE = ButtonColorGradientAnimationUITests/Info.plist;
				LD_RUNPATH_SEARCH_PATHS = (
					"$(inherited)",
					"@executable_path/Frameworks",
					"@loader_path/Frameworks",
				);
				PRODUCT_BUNDLE_IDENTIFIER = com.ButtonColorGradientAnimationUITests;
				PRODUCT_NAME = "$(TARGET_NAME)";
				SWIFT_VERSION = 4.0;
				TARGETED_DEVICE_FAMILY = "1,2";
				TEST_TARGET_NAME = ButtonColorGradientAnimation;
			};
			name = Release;
		};
/* End XCBuildConfiguration section */

/* Begin XCConfigurationList section */
		49AB0D952084C8C700F4FD0D /* Build configuration list for PBXProject "ButtonColorGradientAnimation" */ = {
			isa = XCConfigurationList;
			buildConfigurations = (
				49AB0DC02084C8CA00F4FD0D /* Debug */,
				49AB0DC12084C8CA00F4FD0D /* Release */,
			);
			defaultConfigurationIsVisible = 0;
			defaultConfigurationName = Release;
		};
		49AB0DC22084C8CA00F4FD0D /* Build configuration list for PBXNativeTarget "ButtonColorGradientAnimation" */ = {
			isa = XCConfigurationList;
			buildConfigurations = (
				49AB0DC32084C8CA00F4FD0D /* Debug */,
				49AB0DC42084C8CA00F4FD0D /* Release */,
			);
			defaultConfigurationIsVisible = 0;
			defaultConfigurationName = Release;
		};
		49AB0DC52084C8CA00F4FD0D /* Build configuration list for PBXNativeTarget "ButtonColorGradientAnimationTests" */ = {
			isa = XCConfigurationList;
			buildConfigurations = (
				49AB0DC62084C8CA00F4FD0D /* Debug */,
				49AB0DC72084C8CA00F4FD0D /* Release */,
			);
			defaultConfigurationIsVisible = 0;
			defaultConfigurationName = Release;
		};
		49AB0DC82084C8CA00F4FD0D /* Build configuration list for PBXNativeTarget "ButtonColorGradientAnimationUITests" */ = {
			isa = XCConfigurationList;
			buildConfigurations = (
				49AB0DC92084C8CA00F4FD0D /* Debug */,
				49AB0DCA2084C8CA00F4FD0D /* Release */,
			);
			defaultConfigurationIsVisible = 0;
			defaultConfigurationName = Release;
		};
/* End XCConfigurationList section */
	};
	rootObject = 49AB0D922084C8C700F4FD0D /* Project object */;
}
